
Microsoft Visual Studio Solution File, Format Version 12.00
# Visual Studio Version 16
VisualStudioVersion = 16.0.31729.503
MinimumVisualStudioVersion = 10.0.40219.1
Project("{FAE04EC0-301F-11D3-BF4B-00C04F79EFBC}") = "Lab5", "Lab6 (5)\Lab5.csproj", "{08DC963A-1491-433B-AA08-764AE170FD11}"
EndProject
Global
	GlobalSection(SolutionConfigurationPlatforms) = preSolution
		Debug|Any CPU = Debug|Any CPU
		Release|Any CPU = Release|Any CPU
	EndGlobalSection
	GlobalSection(ProjectConfigurationPlatforms) = postSolution
		{08DC963A-1491-433B-AA08-764AE170FD11}.Debug|Any CPU.ActiveCfg = Debug|Any CPU
		{08DC963A-1491-433B-AA08-764AE170FD11}.Debug|Any CPU.Build.0 = Debug|Any CPU
		{08DC963A-1491-433B-AA08-764AE170FD11}.Release|Any CPU.ActiveCfg = Release|Any CPU
		{08DC963A-1491-433B-AA08-764AE170FD11}.Release|Any CPU.Build.0 = Release|Any CPU
	EndGlobalSection
	GlobalSection(SolutionProperties) = preSolution
		HideSolutionNode = FALSE
	EndGlobalSection
	GlobalSection(ExtensibilityGlobals) = postSolution
		SolutionGuid = {C66E9709-A031-4ABA-9C31-1EFFAB6D5975}
	EndGlobalSection
EndGlobal
