
Microsoft Visual Studio Solution File, Format Version 12.00
# Visual Studio Version 16
VisualStudioVersion = 16.0.31624.102
MinimumVisualStudioVersion = 10.0.40219.1
Project("{FAE04EC0-301F-11D3-BF4B-00C04F79EFBC}") = "Lab3", "Lab3\Lab3.csproj", "{B165BDF7-8456-4E38-A173-7772BFCEC72C}"
EndProject
Global
	GlobalSection(SolutionConfigurationPlatforms) = preSolution
		Debug|Any CPU = Debug|Any CPU
		Release|Any CPU = Release|Any CPU
	EndGlobalSection
	GlobalSection(ProjectConfigurationPlatforms) = postSolution
		{B165BDF7-8456-4E38-A173-7772BFCEC72C}.Debug|Any CPU.ActiveCfg = Debug|Any CPU
		{B165BDF7-8456-4E38-A173-7772BFCEC72C}.Debug|Any CPU.Build.0 = Debug|Any CPU
		{B165BDF7-8456-4E38-A173-7772BFCEC72C}.Release|Any CPU.ActiveCfg = Release|Any CPU
		{B165BDF7-8456-4E38-A173-7772BFCEC72C}.Release|Any CPU.Build.0 = Release|Any CPU
	EndGlobalSection
	GlobalSection(SolutionProperties) = preSolution
		HideSolutionNode = FALSE
	EndGlobalSection
	GlobalSection(ExtensibilityGlobals) = postSolution
		SolutionGuid = {33CCD6AC-DD0C-4A6C-AF28-72A88FAA3B48}
	EndGlobalSection
EndGlobal
